
Microsoft Visual Studio Solution File, Format Version 12.00
# Visual Studio Version 16
VisualStudioVersion = 16.0.31019.35
MinimumVisualStudioVersion = 10.0.40219.1
Project("{9A19103F-16F7-4668-BE54-9A1E7A4F7556}") = "CohesionTest.API", "CohesionTest.API\CohesionTest.API.csproj", "{2CBE7404-6215-4829-A6F3-DE069AC18E0C}"
EndProject
Project("{FAE04EC0-301F-11D3-BF4B-00C04F79EFBC}") = "CohesionTest.Db", "CohesionTest.Db\CohesionTest.Db.csproj", "{206DF9E0-E439-4928-9303-E38832EE4E09}"
EndProject
Project("{2150E333-8FDC-42A3-9474-1A3956D46DE8}") = "SolutionFiles", "SolutionFiles", "{6CE3CE8C-6FD9-48BA-BD2B-4BB1C7C5DE07}"
	ProjectSection(SolutionItems) = preProject
		README.md = README.md
	EndProjectSection
EndProject
Global
	GlobalSection(SolutionConfigurationPlatforms) = preSolution
		Debug|Any CPU = Debug|Any CPU
		Release|Any CPU = Release|Any CPU
	EndGlobalSection
	GlobalSection(ProjectConfigurationPlatforms) = postSolution
		{2CBE7404-6215-4829-A6F3-DE069AC18E0C}.Debug|Any CPU.ActiveCfg = Debug|Any CPU
		{2CBE7404-6215-4829-A6F3-DE069AC18E0C}.Debug|Any CPU.Build.0 = Debug|Any CPU
		{2CBE7404-6215-4829-A6F3-DE069AC18E0C}.Release|Any CPU.ActiveCfg = Release|Any CPU
		{2CBE7404-6215-4829-A6F3-DE069AC18E0C}.Release|Any CPU.Build.0 = Release|Any CPU
		{206DF9E0-E439-4928-9303-E38832EE4E09}.Debug|Any CPU.ActiveCfg = Debug|Any CPU
		{206DF9E0-E439-4928-9303-E38832EE4E09}.Debug|Any CPU.Build.0 = Debug|Any CPU
		{206DF9E0-E439-4928-9303-E38832EE4E09}.Release|Any CPU.ActiveCfg = Release|Any CPU
		{206DF9E0-E439-4928-9303-E38832EE4E09}.Release|Any CPU.Build.0 = Release|Any CPU
	EndGlobalSection
	GlobalSection(SolutionProperties) = preSolution
		HideSolutionNode = FALSE
	EndGlobalSection
	GlobalSection(ExtensibilityGlobals) = postSolution
		SolutionGuid = {938FD354-8781-4311-AE31-48E15F2CF43B}
	EndGlobalSection
EndGlobal
